
Microsoft Visual Studio Solution File, Format Version 12.00
# Visual Studio Version 16
VisualStudioVersion = 16.0.30804.86
MinimumVisualStudioVersion = 10.0.40219.1
Project("{FAE04EC0-301F-11D3-BF4B-00C04F79EFBC}") = "Rocky", "Rocky\Rocky.csproj", "{BD1E2440-4E80-4893-9F1E-B84651123345}"
EndProject
Global
	GlobalSection(SolutionConfigurationPlatforms) = preSolution
		Debug|Any CPU = Debug|Any CPU
		Release|Any CPU = Release|Any CPU
	EndGlobalSection
	GlobalSection(ProjectConfigurationPlatforms) = postSolution
		{BD1E2440-4E80-4893-9F1E-B84651123345}.Debug|Any CPU.ActiveCfg = Debug|Any CPU
		{BD1E2440-4E80-4893-9F1E-B84651123345}.Debug|Any CPU.Build.0 = Debug|Any CPU
		{BD1E2440-4E80-4893-9F1E-B84651123345}.Release|Any CPU.ActiveCfg = Release|Any CPU
		{BD1E2440-4E80-4893-9F1E-B84651123345}.Release|Any CPU.Build.0 = Release|Any CPU
	EndGlobalSection
	GlobalSection(SolutionProperties) = preSolution
		HideSolutionNode = FALSE
	EndGlobalSection
	GlobalSection(ExtensibilityGlobals) = postSolution
		SolutionGuid = {B281C54B-3FC0-4963-BDC3-563822E90447}
	EndGlobalSection
EndGlobal
